
Microsoft Visual Studio Solution File, Format Version 12.00
# Visual Studio Version 17
VisualStudioVersion = 17.14.36623.8
MinimumVisualStudioVersion = 10.0.40219.1
Project("{FAE04EC0-301F-11D3-BF4B-00C04F79EFBC}") = "Bre-easy", "Bre-easy\Bre-easy.csproj", "{FEFF42E2-6153-4134-94CF-9C6DF9BBA1C0}"
EndProject
Project("{FAE04EC0-301F-11D3-BF4B-00C04F79EFBC}") = "Bre-easyAPI", "Bre-easyAPI\Bre-easyAPI.csproj", "{04A45323-9CD1-40A9-A9D0-CE28BC9EAA74}"
EndProject
Project("{FAE04EC0-301F-11D3-BF4B-00C04F79EFBC}") = "Bre-easyTest", "Bre-easyTest\Bre-easyTest.csproj", "{DCAEADDE-3145-46F5-9840-4748C2C9C107}"
EndProject
Global
	GlobalSection(SolutionConfigurationPlatforms) = preSolution
		Debug|Any CPU = Debug|Any CPU
		Release|Any CPU = Release|Any CPU
	EndGlobalSection
	GlobalSection(ProjectConfigurationPlatforms) = postSolution
		{FEFF42E2-6153-4134-94CF-9C6DF9BBA1C0}.Debug|Any CPU.ActiveCfg = Debug|Any CPU
		{FEFF42E2-6153-4134-94CF-9C6DF9BBA1C0}.Debug|Any CPU.Build.0 = Debug|Any CPU
		{FEFF42E2-6153-4134-94CF-9C6DF9BBA1C0}.Release|Any CPU.ActiveCfg = Release|Any CPU
		{FEFF42E2-6153-4134-94CF-9C6DF9BBA1C0}.Release|Any CPU.Build.0 = Release|Any CPU
		{04A45323-9CD1-40A9-A9D0-CE28BC9EAA74}.Debug|Any CPU.ActiveCfg = Debug|Any CPU
		{04A45323-9CD1-40A9-A9D0-CE28BC9EAA74}.Debug|Any CPU.Build.0 = Debug|Any CPU
		{04A45323-9CD1-40A9-A9D0-CE28BC9EAA74}.Release|Any CPU.ActiveCfg = Release|Any CPU
		{04A45323-9CD1-40A9-A9D0-CE28BC9EAA74}.Release|Any CPU.Build.0 = Release|Any CPU
		{DCAEADDE-3145-46F5-9840-4748C2C9C107}.Debug|Any CPU.ActiveCfg = Debug|Any CPU
		{DCAEADDE-3145-46F5-9840-4748C2C9C107}.Debug|Any CPU.Build.0 = Debug|Any CPU
		{DCAEADDE-3145-46F5-9840-4748C2C9C107}.Release|Any CPU.ActiveCfg = Release|Any CPU
		{DCAEADDE-3145-46F5-9840-4748C2C9C107}.Release|Any CPU.Build.0 = Release|Any CPU
	EndGlobalSection
	GlobalSection(SolutionProperties) = preSolution
		HideSolutionNode = FALSE
	EndGlobalSection
	GlobalSection(ExtensibilityGlobals) = postSolution
		SolutionGuid = {1B00456A-73A2-450B-B5B5-C14E1781957E}
	EndGlobalSection
EndGlobal
